
Microsoft Visual Studio Solution File, Format Version 12.00
# Visual Studio Version 17
VisualStudioVersion = 17.9.34728.123
MinimumVisualStudioVersion = 10.0.40219.1
Project("{FAE04EC0-301F-11D3-BF4B-00C04F79EFBC}") = "ApexiBeeMobile.Android", "ApexiBeeMobile\ApexiBeeMobile.Android\ApexiBeeMobile.Android.csproj", "{5F5A1982-D68B-44FE-ACCF-305BB86F925A}"
EndProject
Project("{FAE04EC0-301F-11D3-BF4B-00C04F79EFBC}") = "ApexiBeeMobile", "ApexiBeeMobile\ApexiBeeMobile\ApexiBeeMobile.csproj", "{F3FD135D-E6EF-4D7E-A774-3D81FAFD286E}"
EndProject
Global
	GlobalSection(SolutionConfigurationPlatforms) = preSolution
		Debug|Any CPU = Debug|Any CPU
		Release|Any CPU = Release|Any CPU
	EndGlobalSection
	GlobalSection(ProjectConfigurationPlatforms) = postSolution
		{5F5A1982-D68B-44FE-ACCF-305BB86F925A}.Debug|Any CPU.ActiveCfg = Debug|Any CPU
		{5F5A1982-D68B-44FE-ACCF-305BB86F925A}.Debug|Any CPU.Build.0 = Debug|Any CPU
		{5F5A1982-D68B-44FE-ACCF-305BB86F925A}.Debug|Any CPU.Deploy.0 = Debug|Any CPU
		{5F5A1982-D68B-44FE-ACCF-305BB86F925A}.Release|Any CPU.ActiveCfg = Release|Any CPU
		{5F5A1982-D68B-44FE-ACCF-305BB86F925A}.Release|Any CPU.Build.0 = Release|Any CPU
		{5F5A1982-D68B-44FE-ACCF-305BB86F925A}.Release|Any CPU.Deploy.0 = Release|Any CPU
		{F3FD135D-E6EF-4D7E-A774-3D81FAFD286E}.Debug|Any CPU.ActiveCfg = Debug|Any CPU
		{F3FD135D-E6EF-4D7E-A774-3D81FAFD286E}.Debug|Any CPU.Build.0 = Debug|Any CPU
		{F3FD135D-E6EF-4D7E-A774-3D81FAFD286E}.Debug|Any CPU.Deploy.0 = Debug|Any CPU
		{F3FD135D-E6EF-4D7E-A774-3D81FAFD286E}.Release|Any CPU.ActiveCfg = Release|Any CPU
		{F3FD135D-E6EF-4D7E-A774-3D81FAFD286E}.Release|Any CPU.Build.0 = Release|Any CPU
		{F3FD135D-E6EF-4D7E-A774-3D81FAFD286E}.Release|Any CPU.Deploy.0 = Release|Any CPU
	EndGlobalSection
	GlobalSection(SolutionProperties) = preSolution
		HideSolutionNode = FALSE
	EndGlobalSection
	GlobalSection(ExtensibilityGlobals) = postSolution
		SolutionGuid = {6B6FE319-78EE-446F-A62E-4E4634C15BA2}
	EndGlobalSection
EndGlobal
